
Microsoft Visual Studio Solution File, Format Version 12.00
# Visual Studio Version 17
VisualStudioVersion = 17.2.32630.192
MinimumVisualStudioVersion = 10.0.40219.1
Project("{9A19103F-16F7-4668-BE54-9A1E7A4F7556}") = "OrdersApiApp", "OrdersApiApp\OrdersApiApp.csproj", "{236B6210-020A-43B3-A2CD-C0A384B32805}"
EndProject
Project("{E53339B2-1760-4266-BCC7-CA923CBCF16C}") = "docker-compose", "docker-compose.dcproj", "{61ADB420-5D63-4E8F-8E8E-A11A00AD1B4C}"
EndProject
Project("{2150E333-8FDC-42A3-9474-1A3956D46DE8}") = "Элементы решения", "Элементы решения", "{40811DCB-C353-4E29-97F8-7AB2CA36C819}"
	ProjectSection(SolutionItems) = preProject
		amvera.yaml = amvera.yaml
	EndProjectSection
EndProject
Global
	GlobalSection(SolutionConfigurationPlatforms) = preSolution
		Debug|Any CPU = Debug|Any CPU
		Release|Any CPU = Release|Any CPU
	EndGlobalSection
	GlobalSection(ProjectConfigurationPlatforms) = postSolution
		{236B6210-020A-43B3-A2CD-C0A384B32805}.Debug|Any CPU.ActiveCfg = Debug|Any CPU
		{236B6210-020A-43B3-A2CD-C0A384B32805}.Debug|Any CPU.Build.0 = Debug|Any CPU
		{236B6210-020A-43B3-A2CD-C0A384B32805}.Release|Any CPU.ActiveCfg = Release|Any CPU
		{236B6210-020A-43B3-A2CD-C0A384B32805}.Release|Any CPU.Build.0 = Release|Any CPU
		{61ADB420-5D63-4E8F-8E8E-A11A00AD1B4C}.Debug|Any CPU.ActiveCfg = Debug|Any CPU
		{61ADB420-5D63-4E8F-8E8E-A11A00AD1B4C}.Debug|Any CPU.Build.0 = Debug|Any CPU
		{61ADB420-5D63-4E8F-8E8E-A11A00AD1B4C}.Release|Any CPU.ActiveCfg = Release|Any CPU
		{61ADB420-5D63-4E8F-8E8E-A11A00AD1B4C}.Release|Any CPU.Build.0 = Release|Any CPU
	EndGlobalSection
	GlobalSection(SolutionProperties) = preSolution
		HideSolutionNode = FALSE
	EndGlobalSection
	GlobalSection(ExtensibilityGlobals) = postSolution
		SolutionGuid = {ED848716-7D55-4940-9DCB-631E7DD8F9FB}
	EndGlobalSection
EndGlobal
